// !$*UTF8*$!
{
	archiveVersion = 1;
	classes = {
	};
	objectVersion = 46;
	objects = {

/* Begin PBXBuildFile section */
		7819624A1CE9AC0B00E363D9 /* main.m in Sources */ = {isa = PBXBuildFile; fileRef = 781962491CE9AC0B00E363D9 /* main.m */; };
		7819624D1CE9AC0B00E363D9 /* AppDelegate.m in Sources */ = {isa = PBXBuildFile; fileRef = 7819624C1CE9AC0B00E363D9 /* AppDelegate.m */; };
		781962501CE9AC0B00E363D9 /* ViewController.m in Sources */ = {isa = PBXBuildFile; fileRef = 7819624F1CE9AC0B00E363D9 /* ViewController.m */; };
		781962531CE9AC0B00E363D9 /* Main.storyboard in Resources */ = {isa = PBXBuildFile; fileRef = 781962511CE9AC0B00E363D9 /* Main.storyboard */; };
		781962551CE9AC0B00E363D9 /* Assets.xcassets in Resources */ = {isa = PBXBuildFile; fileRef = 781962541CE9AC0B00E363D9 /* Assets.xcassets */; };
		781962581CE9AC0B00E363D9 /* LaunchScreen.storyboard in Resources */ = {isa = PBXBuildFile; fileRef = 781962561CE9AC0B00E363D9 /* LaunchScreen.storyboard */; };
		781962631CE9AC0B00E363D9 /* JimTestGitHubTests.m in Sources */ = {isa = PBXBuildFile; fileRef = 781962621CE9AC0B00E363D9 /* JimTestGitHubTests.m */; };
		7819626E1CE9AC0B00E363D9 /* JimTestGitHubUITests.m in Sources */ = {isa = PBXBuildFile; fileRef = 7819626D1CE9AC0B00E363D9 /* JimTestGitHubUITests.m */; };
/* End PBXBuildFile section */

/* Begin PBXContainerItemProxy section */
		7819625F1CE9AC0B00E363D9 /* PBXContainerItemProxy */ = {
			isa = PBXContainerItemProxy;
			containerPortal = 7819623D1CE9AC0B00E363D9 /* Project object */;
			proxyType = 1;
			remoteGlobalIDString = 781962441CE9AC0B00E363D9;
			remoteInfo = JimTestGitHub;
		};
		7819626A1CE9AC0B00E363D9 /* PBXContainerItemProxy */ = {
			isa = PBXContainerItemProxy;
			containerPortal = 7819623D1CE9AC0B00E363D9 /* Project object */;
			proxyType = 1;
			remoteGlobalIDString = 781962441CE9AC0B00E363D9;
			remoteInfo = JimTestGitHub;
		};
/* End PBXContainerItemProxy section */

/* Begin PBXFileReference section */
		781962451CE9AC0B00E363D9 /* JimTestGitHub.app */ = {isa = PBXFileReference; explicitFileType = wrapper.application; includeInIndex = 0; path = JimTestGitHub.app; sourceTree = BUILT_PRODUCTS_DIR; };
		781962491CE9AC0B00E363D9 /* main.m */ = {isa = PBXFileReference; lastKnownFileType = sourcecode.c.objc; path = main.m; sourceTree = "<group>"; };
		7819624B1CE9AC0B00E363D9 /* AppDelegate.h */ = {isa = PBXFileReference; lastKnownFileType = sourcecode.c.h; path = AppDelegate.h; sourceTree = "<group>"; };
		7819624C1CE9AC0B00E363D9 /* AppDelegate.m */ = {isa = PBXFileReference; lastKnownFileType = sourcecode.c.objc; path = AppDelegate.m; sourceTree = "<group>"; };
		7819624E1CE9AC0B00E363D9 /* ViewController.h */ = {isa = PBXFileReference; lastKnownFileType = sourcecode.c.h; path = ViewController.h; sourceTree = "<group>"; };
		7819624F1CE9AC0B00E363D9 /* ViewController.m */ = {isa = PBXFileReference; lastKnownFileType = sourcecode.c.objc; path = ViewController.m; sourceTree = "<group>"; };
		781962521CE9AC0B00E363D9 /* Base */ = {isa = PBXFileReference; lastKnownFileType = file.storyboard; name = Base; path = Base.lproj/Main.storyboard; sourceTree = "<group>"; };
		781962541CE9AC0B00E363D9 /* Assets.xcassets */ = {isa = PBXFileReference; lastKnownFileType = folder.assetcatalog; path = Assets.xcassets; sourceTree = "<group>"; };
		781962571CE9AC0B00E363D9 /* Base */ = {isa = PBXFileReference; lastKnownFileType = file.storyboard; name = Base; path = Base.lproj/LaunchScreen.storyboard; sourceTree = "<group>"; };
		781962591CE9AC0B00E363D9 /* Info.plist */ = {isa = PBXFileReference; lastKnownFileType = text.plist.xml; path = Info.plist; sourceTree = "<group>"; };
		7819625E1CE9AC0B00E363D9 /* JimTestGitHubTests.xctest */ = {isa = PBXFileReference; explicitFileType = wrapper.cfbundle; includeInIndex = 0; path = JimTestGitHubTests.xctest; sourceTree = BUILT_PRODUCTS_DIR; };
		781962621CE9AC0B00E363D9 /* JimTestGitHubTests.m */ = {isa = PBXFileReference; lastKnownFileType = sourcecode.c.objc; path = JimTestGitHubTests.m; sourceTree = "<group>"; };
		781962641CE9AC0B00E363D9 /* Info.plist */ = {isa = PBXFileReference; lastKnownFileType = text.plist.xml; path = Info.plist; sourceTree = "<group>"; };
		781962691CE9AC0B00E363D9 /* JimTestGitHubUITests.xctest */ = {isa = PBXFileReference; explicitFileType = wrapper.cfbundle; includeInIndex = 0; path = JimTestGitHubUITests.xctest; sourceTree = BUILT_PRODUCTS_DIR; };
		7819626D1CE9AC0B00E363D9 /* JimTestGitHubUITests.m */ = {isa = PBXFileReference; lastKnownFileType = sourcecode.c.objc; path = JimTestGitHubUITests.m; sourceTree = "<group>"; };
		7819626F1CE9AC0B00E363D9 /* Info.plist */ = {isa = PBXFileReference; lastKnownFileType = text.plist.xml; path = Info.plist; sourceTree = "<group>"; };
/* End PBXFileReference section */

/* Begin PBXFrameworksBuildPhase section */
		781962421CE9AC0B00E363D9 /* Frameworks */ = {
			isa = PBXFrameworksBuildPhase;
			buildActionMask = 2147483647;
			files = (
			);
			runOnlyForDeploymentPostprocessing = 0;
		};
		7819625B1CE9AC0B00E363D9 /* Frameworks */ = {
			isa = PBXFrameworksBuildPhase;
			buildActionMask = 2147483647;
			files = (
			);
			runOnlyForDeploymentPostprocessing = 0;
		};
		781962661CE9AC0B00E363D9 /* Frameworks */ = {
			isa = PBXFrameworksBuildPhase;
			buildActionMask = 2147483647;
			files = (
			);
			runOnlyForDeploymentPostprocessing = 0;
		};
/* End PBXFrameworksBuildPhase section */

/* Begin PBXGroup section */
		7819623C1CE9AC0B00E363D9 = {
			isa = PBXGroup;
			children = (
				781962471CE9AC0B00E363D9 /* JimTestGitHub */,
				781962611CE9AC0B00E363D9 /* JimTestGitHubTests */,
				7819626C1CE9AC0B00E363D9 /* JimTestGitHubUITests */,
				781962461CE9AC0B00E363D9 /* Products */,
			);
			sourceTree = "<group>";
		};
		781962461CE9AC0B00E363D9 /* Products */ = {
			isa = PBXGroup;
			children = (
				781962451CE9AC0B00E363D9 /* JimTestGitHub.app */,
				7819625E1CE9AC0B00E363D9 /* JimTestGitHubTests.xctest */,
				781962691CE9AC0B00E363D9 /* JimTestGitHubUITests.xctest */,
			);
			name = Products;
			sourceTree = "<group>";
		};
		781962471CE9AC0B00E363D9 /* JimTestGitHub */ = {
			isa = PBXGroup;
			children = (
				7819624B1CE9AC0B00E363D9 /* AppDelegate.h */,
				7819624C1CE9AC0B00E363D9 /* AppDelegate.m */,
				7819624E1CE9AC0B00E363D9 /* ViewController.h */,
				7819624F1CE9AC0B00E363D9 /* ViewController.m */,
				781962511CE9AC0B00E363D9 /* Main.storyboard */,
				781962541CE9AC0B00E363D9 /* Assets.xcassets */,
				781962561CE9AC0B00E363D9 /* LaunchScreen.storyboard */,
				781962591CE9AC0B00E363D9 /* Info.plist */,
				781962481CE9AC0B00E363D9 /* Supporting Files */,
			);
			path = JimTestGitHub;
			sourceTree = "<group>";
		};
		781962481CE9AC0B00E363D9 /* Supporting Files */ = {
			isa = PBXGroup;
			children = (
				781962491CE9AC0B00E363D9 /* main.m */,
			);
			name = "Supporting Files";
			sourceTree = "<group>";
		};
		781962611CE9AC0B00E363D9 /* JimTestGitHubTests */ = {
			isa = PBXGroup;
			children = (
				781962621CE9AC0B00E363D9 /* JimTestGitHubTests.m */,
				781962641CE9AC0B00E363D9 /* Info.plist */,
			);
			path = JimTestGitHubTests;
			sourceTree = "<group>";
		};
		7819626C1CE9AC0B00E363D9 /* JimTestGitHubUITests */ = {
			isa = PBXGroup;
			children = (
				7819626D1CE9AC0B00E363D9 /* JimTestGitHubUITests.m */,
				7819626F1CE9AC0B00E363D9 /* Info.plist */,
			);
			path = JimTestGitHubUITests;
			sourceTree = "<group>";
		};
/* End PBXGroup section */

/* Begin PBXNativeTarget section */
		781962441CE9AC0B00E363D9 /* JimTestGitHub */ = {
			isa = PBXNativeTarget;
			buildConfigurationList = 781962721CE9AC0B00E363D9 /* Build configuration list for PBXNativeTarget "JimTestGitHub" */;
			buildPhases = (
				781962411CE9AC0B00E363D9 /* Sources */,
				781962421CE9AC0B00E363D9 /* Frameworks */,
				781962431CE9AC0B00E363D9 /* Resources */,
			);
			buildRules = (
			);
			dependencies = (
			);
			name = JimTestGitHub;
			productName = JimTestGitHub;
			productReference = 781962451CE9AC0B00E363D9 /* JimTestGitHub.app */;
			productType = "com.apple.product-type.application";
		};
		7819625D1CE9AC0B00E363D9 /* JimTestGitHubTests */ = {
			isa = PBXNativeTarget;
			buildConfigurationList = 781962751CE9AC0B00E363D9 /* Build configuration list for PBXNativeTarget "JimTestGitHubTests" */;
			buildPhases = (
				7819625A1CE9AC0B00E363D9 /* Sources */,
				7819625B1CE9AC0B00E363D9 /* Frameworks */,
				7819625C1CE9AC0B00E363D9 /* Resources */,
			);
			buildRules = (
			);
			dependencies = (
				781962601CE9AC0B00E363D9 /* PBXTargetDependency */,
			);
			name = JimTestGitHubTests;
			productName = JimTestGitHubTests;
			productReference = 7819625E1CE9AC0B00E363D9 /* JimTestGitHubTests.xctest */;
			productType = "com.apple.product-type.bundle.unit-test";
		};
		781962681CE9AC0B00E363D9 /* JimTestGitHubUITests */ = {
			isa = PBXNativeTarget;
			buildConfigurationList = 781962781CE9AC0B00E363D9 /* Build configuration list for PBXNativeTarget "JimTestGitHubUITests" */;
			buildPhases = (
				781962651CE9AC0B00E363D9 /* Sources */,
				781962661CE9AC0B00E363D9 /* Frameworks */,
				781962671CE9AC0B00E363D9 /* Resources */,
			);
			buildRules = (
			);
			dependencies = (
				7819626B1CE9AC0B00E363D9 /* PBXTargetDependency */,
			);
			name = JimTestGitHubUITests;
			productName = JimTestGitHubUITests;
			productReference = 781962691CE9AC0B00E363D9 /* JimTestGitHubUITests.xctest */;
			productType = "com.apple.product-type.bundle.ui-testing";
		};
/* End PBXNativeTarget section */

/* Begin PBXProject section */
		7819623D1CE9AC0B00E363D9 /* Project object */ = {
			isa = PBXProject;
			attributes = {
				LastUpgradeCheck = 0730;
				ORGANIZATIONNAME = Aubrey;
				TargetAttributes = {
					781962441CE9AC0B00E363D9 = {
						CreatedOnToolsVersion = 7.3.1;
					};
					7819625D1CE9AC0B00E363D9 = {
						CreatedOnToolsVersion = 7.3.1;
						TestTargetID = 781962441CE9AC0B00E363D9;
					};
					781962681CE9AC0B00E363D9 = {
						CreatedOnToolsVersion = 7.3.1;
						TestTargetID = 781962441CE9AC0B00E363D9;
					};
				};
			};
			buildConfigurationList = 781962401CE9AC0B00E363D9 /* Build configuration list for PBXProject "JimTestGitHub" */;
			compatibilityVersion = "Xcode 3.2";
			developmentRegion = English;
			hasScannedForEncodings = 0;
			knownRegions = (
				en,
				Base,
			);
			mainGroup = 7819623C1CE9AC0B00E363D9;
			productRefGroup = 781962461CE9AC0B00E363D9 /* Products */;
			projectDirPath = "";
			projectRoot = "";
			targets = (
				781962441CE9AC0B00E363D9 /* JimTestGitHub */,
				7819625D1CE9AC0B00E363D9 /* JimTestGitHubTests */,
				781962681CE9AC0B00E363D9 /* JimTestGitHubUITests */,
			);
		};
/* End PBXProject section */

/* Begin PBXResourcesBuildPhase section */
		781962431CE9AC0B00E363D9 /* Resources */ = {
			isa = PBXResourcesBuildPhase;
			buildActionMask = 2147483647;
			files = (
				781962581CE9AC0B00E363D9 /* LaunchScreen.storyboard in Resources */,
				781962551CE9AC0B00E363D9 /* Assets.xcassets in Resources */,
				781962531CE9AC0B00E363D9 /* Main.storyboard in Resources */,
			);
			runOnlyForDeploymentPostprocessing = 0;
		};
		7819625C1CE9AC0B00E363D9 /* Resources */ = {
			isa = PBXResourcesBuildPhase;
			buildActionMask = 2147483647;
			files = (
			);
			runOnlyForDeploymentPostprocessing = 0;
		};
		781962671CE9AC0B00E363D9 /* Resources */ = {
			isa = PBXResourcesBuildPhase;
			buildActionMask = 2147483647;
			files = (
			);
			runOnlyForDeploymentPostprocessing = 0;
		};
/* End PBXResourcesBuildPhase section */

/* Begin PBXSourcesBuildPhase section */
		781962411CE9AC0B00E363D9 /* Sources */ = {
			isa = PBXSourcesBuildPhase;
			buildActionMask = 2147483647;
			files = (
				781962501CE9AC0B00E363D9 /* ViewController.m in Sources */,
				7819624D1CE9AC0B00E363D9 /* AppDelegate.m in Sources */,
				7819624A1CE9AC0B00E363D9 /* main.m in Sources */,
			);
			runOnlyForDeploymentPostprocessing = 0;
		};
		7819625A1CE9AC0B00E363D9 /* Sources */ = {
			isa = PBXSourcesBuildPhase;
			buildActionMask = 2147483647;
			files = (
				781962631CE9AC0B00E363D9 /* JimTestGitHubTests.m in Sources */,
			);
			runOnlyForDeploymentPostprocessing = 0;
		};
		781962651CE9AC0B00E363D9 /* Sources */ = {
			isa = PBXSourcesBuildPhase;
			buildActionMask = 2147483647;
			files = (
				7819626E1CE9AC0B00E363D9 /* JimTestGitHubUITests.m in Sources */,
			);
			runOnlyForDeploymentPostprocessing = 0;
		};
/* End PBXSourcesBuildPhase section */

/* Begin PBXTargetDependency section */
		781962601CE9AC0B00E363D9 /* PBXTargetDependency */ = {
			isa = PBXTargetDependency;
			target = 781962441CE9AC0B00E363D9 /* JimTestGitHub */;
			targetProxy = 7819625F1CE9AC0B00E363D9 /* PBXContainerItemProxy */;
		};
		7819626B1CE9AC0B00E363D9 /* PBXTargetDependency */ = {
			isa = PBXTargetDependency;
			target = 781962441CE9AC0B00E363D9 /* JimTestGitHub */;
			targetProxy = 7819626A1CE9AC0B00E363D9 /* PBXContainerItemProxy */;
		};
/* End PBXTargetDependency section */

/* Begin PBXVariantGroup section */
		781962511CE9AC0B00E363D9 /* Main.storyboard */ = {
			isa = PBXVariantGroup;
			children = (
				781962521CE9AC0B00E363D9 /* Base */,
			);
			name = Main.storyboard;
			sourceTree = "<group>";
		};
		781962561CE9AC0B00E363D9 /* LaunchScreen.storyboard */ = {
			isa = PBXVariantGroup;
			children = (
				781962571CE9AC0B00E363D9 /* Base */,
			);
			name = LaunchScreen.storyboard;
			sourceTree = "<group>";
		};
/* End PBXVariantGroup section */

/* Begin XCBuildConfiguration section */
		781962701CE9AC0B00E363D9 /* Debug */ = {
			isa = XCBuildConfiguration;
			buildSettings = {
				ALWAYS_SEARCH_USER_PATHS = NO;
				CLANG_ANALYZER_NONNULL = YES;
				CLANG_CXX_LANGUAGE_STANDARD = "gnu++0x";
				CLANG_CXX_LIBRARY = "libc++";
				CLANG_ENABLE_MODULES = YES;
				CLANG_ENABLE_OBJC_ARC = YES;
				CLANG_WARN_BOOL_CONVERSION = YES;
				CLANG_WARN_CONSTANT_CONVERSION = YES;
				CLANG_WARN_DIRECT_OBJC_ISA_USAGE = YES_ERROR;
				CLANG_WARN_EMPTY_BODY = YES;
				CLANG_WARN_ENUM_CONVERSION = YES;
				CLANG_WARN_INT_CONVERSION = YES;
				CLANG_WARN_OBJC_ROOT_CLASS = YES_ERROR;
				CLANG_WARN_UNREACHABLE_CODE = YES;
				CLANG_WARN__DUPLICATE_METHOD_MATCH = YES;
				"CODE_SIGN_IDENTITY[sdk=iphoneos*]" = "iPhone Developer";
				COPY_PHASE_STRIP = NO;
				DEBUG_INFORMATION_FORMAT = dwarf;
				ENABLE_STRICT_OBJC_MSGSEND = YES;
				ENABLE_TESTABILITY = YES;
				GCC_C_LANGUAGE_STANDARD = gnu99;
				GCC_DYNAMIC_NO_PIC = NO;
				GCC_NO_COMMON_BLOCKS = YES;
				GCC_OPTIMIZATION_LEVEL = 0;
				GCC_PREPROCESSOR_DEFINITIONS = (
					"DEBUG=1",
					"$(inherited)",
				);
				GCC_WARN_64_TO_32_BIT_CONVERSION = YES;
				GCC_WARN_ABOUT_RETURN_TYPE = YES_ERROR;
				GCC_WARN_UNDECLARED_SELECTOR = YES;
				GCC_WARN_UNINITIALIZED_AUTOS = YES_AGGRESSIVE;
				GCC_WARN_UNUSED_FUNCTION = YES;
				GCC_WARN_UNUSED_VARIABLE = YES;
				IPHONEOS_DEPLOYMENT_TARGET = 9.3;
				MTL_ENABLE_DEBUG_INFO = YES;
				ONLY_ACTIVE_ARCH = YES;
				SDKROOT = iphoneos;
				TARGETED_DEVICE_FAMILY = "1,2";
			};
			name = Debug;
		};
		781962711CE9AC0B00E363D9 /* Release */ = {
			isa = XCBuildConfiguration;
			buildSettings = {
				ALWAYS_SEARCH_USER_PATHS = NO;
				CLANG_ANALYZER_NONNULL = YES;
				CLANG_CXX_LANGUAGE_STANDARD = "gnu++0x";
				CLANG_CXX_LIBRARY = "libc++";
				CLANG_ENABLE_MODULES = YES;
				CLANG_ENABLE_OBJC_ARC = YES;
				CLANG_WARN_BOOL_CONVERSION = YES;
				CLANG_WARN_CONSTANT_CONVERSION = YES;
				CLANG_WARN_DIRECT_OBJC_ISA_USAGE = YES_ERROR;
				CLANG_WARN_EMPTY_BODY = YES;
				CLANG_WARN_ENUM_CONVERSION = YES;
				CLANG_WARN_INT_CONVERSION = YES;
				CLANG_WARN_OBJC_ROOT_CLASS = YES_ERROR;
				CLANG_WARN_UNREACHABLE_CODE = YES;
				CLANG_WARN__DUPLICATE_METHOD_MATCH = YES;
				"CODE_SIGN_IDENTITY[sdk=iphoneos*]" = "iPhone Developer";
				COPY_PHASE_STRIP = NO;
				DEBUG_INFORMATION_FORMAT = "dwarf-with-dsym";
				ENABLE_NS_ASSERTIONS = NO;
				ENABLE_STRICT_OBJC_MSGSEND = YES;
				GCC_C_LANGUAGE_STANDARD = gnu99;
				GCC_NO_COMMON_BLOCKS = YES;
				GCC_WARN_64_TO_32_BIT_CONVERSION = YES;
				GCC_WARN_ABOUT_RETURN_TYPE = YES_ERROR;
				GCC_WARN_UNDECLARED_SELECTOR = YES;
				GCC_WARN_UNINITIALIZED_AUTOS = YES_AGGRESSIVE;
				GCC_WARN_UNUSED_FUNCTION = YES;
				GCC_WARN_UNUSED_VARIABLE = YES;
				IPHONEOS_DEPLOYMENT_TARGET = 9.3;
				MTL_ENABLE_DEBUG_INFO = NO;
				SDKROOT = iphoneos;
				TARGETED_DEVICE_FAMILY = "1,2";
				VALIDATE_PRODUCT = YES;
			};
			name = Release;
		};
		781962731CE9AC0B00E363D9 /* Debug */ = {
			isa = XCBuildConfiguration;
			buildSettings = {
				ASSETCATALOG_COMPILER_APPICON_NAME = AppIcon;
				INFOPLIST_FILE = JimTestGitHub/Info.plist;
				LD_RUNPATH_SEARCH_PATHS = "$(inherited) @executable_path/Frameworks";
				PRODUCT_BUNDLE_IDENTIFIER = HXW.JimTestGitHub;
				PRODUCT_NAME = "$(TARGET_NAME)";
			};
			name = Debug;
		};
		781962741CE9AC0B00E363D9 /* Release */ = {
			isa = XCBuildConfiguration;
			buildSettings = {
				ASSETCATALOG_COMPILER_APPICON_NAME = AppIcon;
				INFOPLIST_FILE = JimTestGitHub/Info.plist;
				LD_RUNPATH_SEARCH_PATHS = "$(inherited) @executable_path/Frameworks";
				PRODUCT_BUNDLE_IDENTIFIER = HXW.JimTestGitHub;
				PRODUCT_NAME = "$(TARGET_NAME)";
			};
			name = Release;
		};
		781962761CE9AC0B00E363D9 /* Debug */ = {
			isa = XCBuildConfiguration;
			buildSettings = {
				BUNDLE_LOADER = "$(TEST_HOST)";
				INFOPLIST_FILE = JimTestGitHubTests/Info.plist;
				LD_RUNPATH_SEARCH_PATHS = "$(inherited) @executable_path/Frameworks @loader_path/Frameworks";
				PRODUCT_BUNDLE_IDENTIFIER = HXW.JimTestGitHubTests;
				PRODUCT_NAME = "$(TARGET_NAME)";
				TEST_HOST = "$(BUILT_PRODUCTS_DIR)/JimTestGitHub.app/JimTestGitHub";
			};
			name = Debug;
		};
		781962771CE9AC0B00E363D9 /* Release */ = {
			isa = XCBuildConfiguration;
			buildSettings = {
				BUNDLE_LOADER = "$(TEST_HOST)";
				INFOPLIST_FILE = JimTestGitHubTests/Info.plist;
				LD_RUNPATH_SEARCH_PATHS = "$(inherited) @executable_path/Frameworks @loader_path/Frameworks";
				PRODUCT_BUNDLE_IDENTIFIER = HXW.JimTestGitHubTests;
				PRODUCT_NAME = "$(TARGET_NAME)";
				TEST_HOST = "$(BUILT_PRODUCTS_DIR)/JimTestGitHub.app/JimTestGitHub";
			};
			name = Release;
		};
		781962791CE9AC0B00E363D9 /* Debug */ = {
			isa = XCBuildConfiguration;
			buildSettings = {
				INFOPLIST_FILE = JimTestGitHubUITests/Info.plist;
				LD_RUNPATH_SEARCH_PATHS = "$(inherited) @executable_path/Frameworks @loader_path/Frameworks";
				PRODUCT_BUNDLE_IDENTIFIER = HXW.JimTestGitHubUITests;
				PRODUCT_NAME = "$(TARGET_NAME)";
				TEST_TARGET_NAME = JimTestGitHub;
			};
			name = Debug;
		};
		7819627A1CE9AC0B00E363D9 /* Release */ = {
			isa = XCBuildConfiguration;
			buildSettings = {
				INFOPLIST_FILE = JimTestGitHubUITests/Info.plist;
				LD_RUNPATH_SEARCH_PATHS = "$(inherited) @executable_path/Frameworks @loader_path/Frameworks";
				PRODUCT_BUNDLE_IDENTIFIER = HXW.JimTestGitHubUITests;
				PRODUCT_NAME = "$(TARGET_NAME)";
				TEST_TARGET_NAME = JimTestGitHub;
			};
			name = Release;
		};
/* End XCBuildConfiguration section */

/* Begin XCConfigurationList section */
		781962401CE9AC0B00E363D9 /* Build configuration list for PBXProject "JimTestGitHub" */ = {
			isa = XCConfigurationList;
			buildConfigurations = (
				781962701CE9AC0B00E363D9 /* Debug */,
				781962711CE9AC0B00E363D9 /* Release */,
			);
			defaultConfigurationIsVisible = 0;
			defaultConfigurationName = Release;
		};
		781962721CE9AC0B00E363D9 /* Build configuration list for PBXNativeTarget "JimTestGitHub" */ = {
			isa = XCConfigurationList;
			buildConfigurations = (
				781962731CE9AC0B00E363D9 /* Debug */,
				781962741CE9AC0B00E363D9 /* Release */,
			);
			defaultConfigurationIsVisible = 0;
		};
		781962751CE9AC0B00E363D9 /* Build configuration list for PBXNativeTarget "JimTestGitHubTests" */ = {
			isa = XCConfigurationList;
			buildConfigurations = (
				781962761CE9AC0B00E363D9 /* Debug */,
				781962771CE9AC0B00E363D9 /* Release */,
			);
			defaultConfigurationIsVisible = 0;
		};
		781962781CE9AC0B00E363D9 /* Build configuration list for PBXNativeTarget "JimTestGitHubUITests" */ = {
			isa = XCConfigurationList;
			buildConfigurations = (
				781962791CE9AC0B00E363D9 /* Debug */,
				7819627A1CE9AC0B00E363D9 /* Release */,
			);
			defaultConfigurationIsVisible = 0;
		};
/* End XCConfigurationList section */
	};
	rootObject = 7819623D1CE9AC0B00E363D9 /* Project object */;
}
